{
  "version": 4,
  "terraform_version": "1.4.0",
  "serial": 256,
  "lineage": "dbf1acf9-ff65-bc0c-0b09-86ea600f9b65",
  "outputs": {},
  "resources": [
    {
      "mode": "data",
      "type": "tencentcloud_availability_zones_by_product",
      "name": "cvm",
      "provider": "provider[\"registry.terraform.io/tencentcloudstack/tencentcloud\"]",
      "instances": [
        {
          "schema_version": 0,
          "attributes": {
            "id": "1227145897",
            "include_unavailable": null,
            "name": null,
            "product": "cvm",
            "result_output_file": null,
            "zones": [
              {
                "description": "Shanghai Zone 2",
                "id": "200002",
                "name": "ap-shanghai-2",
                "state": "AVAILABLE"
              },
              {
                "description": "Shanghai Zone 3",
                "id": "200003",
                "name": "ap-shanghai-3",
                "state": "AVAILABLE"
              },
              {
                "description": "Shanghai Zone 4",
                "id": "200004",
                "name": "ap-shanghai-4",
                "state": "AVAILABLE"
              },
              {
                "description": "Shanghai Zone 5",
                "id": "200005",
                "name": "ap-shanghai-5",
                "state": "AVAILABLE"
              },
              {
                "description": "Shanghai Zone 8",
                "id": "200008",
                "name": "ap-shanghai-8",
                "state": "AVAILABLE"
              }
            ]
          },
          "sensitive_attributes": []
        }
      ]
    },
    {
      "mode": "data",
      "type": "tencentcloud_instances",
      "name": "internal_host_info",
      "provider": "provider[\"registry.terraform.io/tencentcloudstack/tencentcloud\"]",
      "instances": [
        {
          "schema_version": 0,
          "attributes": {
            "availability_zone": null,
            "id": "2482216851",
            "instance_id": "ins-jk5jecxv",
            "instance_list": [
              {
                "allocate_public_ip": false,
                "availability_zone": "ap-shanghai-2",
                "cam_role_name": "",
                "cpu": 2,
                "create_time": "2023-08-01T04:02:06Z",
                "data_disks": [],
                "expired_time": "",
                "image_id": "img-22trbn9x",
                "instance_charge_type": "POSTPAID_BY_HOUR",
                "instance_charge_type_prepaid_renew_flag": "",
                "instance_id": "ins-jk5jecxv",
                "instance_name": "terraform-internal-host",
                "instance_type": "S5.MEDIUM8",
                "internet_charge_type": "",
                "internet_max_bandwidth_out": 0,
                "memory": 8,
                "private_ip": "10.100.1.9",
                "project_id": 0,
                "public_ip": "",
                "security_groups": [
                  "sg-4mofx0ro"
                ],
                "status": "RUNNING",
                "subnet_id": "subnet-7bzr1b2v",
                "system_disk_id": "disk-jhzpixr5",
                "system_disk_size": 50,
                "system_disk_type": "CLOUD_PREMIUM",
                "tags": {},
                "vpc_id": "vpc-1hw367l6"
              }
            ],
            "instance_name": null,
            "instance_set_ids": null,
            "project_id": null,
            "result_output_file": null,
            "subnet_id": null,
            "tags": null,
            "vpc_id": null
          },
          "sensitive_attributes": []
        }
      ]
    },
    {
      "mode": "managed",
      "type": "htpasswd_password",
      "name": "gw_password",
      "provider": "provider[\"registry.terraform.io/loafoe/htpasswd\"]",
      "instances": [
        {
          "schema_version": 0,
          "attributes": {
            "apr1": "$apr1$d5GIc/O0$6ms5ZvYXikIEIsj1h6Zp91",
            "bcrypt": "$2a$10$dOBveMU2L0GOlc57jiBKRer5Uzogr.YNyo7mwS/IPzS6AMTi6UgMK",
            "id": "PW24326124313024644f4276654d55324c30474f6c6335376a69424b52657235557a6f67722e594e796f376d77532f49507a5336414d54693655674d4b",
            "password": "test123",
            "salt": null,
            "sha512": "$6$$KMCDSuWNoVgNrK5P1zDS12ZZt.LV4z9v9NtD0AG0T5Rv/n0wWVvZmHMSKKZQciP7lrqrlbrBrBd4lhBSGy1BU0"
          },
          "sensitive_attributes": [],
          "private": "bnVsbA=="
        }
      ]
    },
    {
      "mode": "managed",
      "type": "htpasswd_password",
      "name": "mgmt_password",
      "provider": "provider[\"registry.terraform.io/loafoe/htpasswd\"]",
      "instances": [
        {
          "schema_version": 0,
          "attributes": {
            "apr1": "$apr1$ocNXXqcP$utPhWtR9B.RXQYb0TjAU10",
            "bcrypt": "$2a$10$aOwoQvZFrruGHTktKu134Ooar8n12m3Yjz1YOxOmeQFAkF.ygEsL2",
            "id": "PW24326124313024614f776f51765a467272754748546b744b753133344f6f6172386e31326d33596a7a31594f784f6d655146416b462e796745734c32",
            "password": "test123",
            "salt": null,
            "sha512": "$6$$KMCDSuWNoVgNrK5P1zDS12ZZt.LV4z9v9NtD0AG0T5Rv/n0wWVvZmHMSKKZQciP7lrqrlbrBrBd4lhBSGy1BU0"
          },
          "sensitive_attributes": [],
          "private": "bnVsbA=="
        }
      ]
    },
    {
      "mode": "managed",
      "type": "tencentcloud_instance",
      "name": "internal_host",
      "provider": "provider[\"registry.terraform.io/tencentcloudstack/tencentcloud\"]",
      "instances": [
        {
          "index_key": 0,
          "schema_version": 0,
          "attributes": {
            "allocate_public_ip": false,
            "availability_zone": "ap-shanghai-2",
            "bandwidth_package_id": null,
            "cam_role_name": "",
            "cdh_host_id": null,
            "cdh_instance_type": null,
            "create_time": "2023-08-01T04:02:06Z",
            "data_disks": [],
            "disable_api_termination": false,
            "disable_monitor_service": false,
            "disable_security_service": false,
            "expired_time": "",
            "force_delete": false,
            "hostname": null,
            "id": "ins-jk5jecxv",
            "image_id": "img-22trbn9x",
            "instance_charge_type": "POSTPAID_BY_HOUR",
            "instance_charge_type_prepaid_period": null,
            "instance_charge_type_prepaid_renew_flag": "",
            "instance_count": null,
            "instance_name": "terraform-internal-host",
            "instance_status": "RUNNING",
            "instance_type": "S5.MEDIUM8",
            "internet_charge_type": "",
            "internet_max_bandwidth_out": 0,
            "keep_image_login": null,
            "key_ids": [
              "skey-03a6h44d"
            ],
            "key_name": "skey-03a6h44d",
            "orderly_security_groups": [
              "sg-4mofx0ro"
            ],
            "password": null,
            "placement_group_id": null,
            "private_ip": "10.100.1.9",
            "project_id": 0,
            "public_ip": null,
            "running_flag": true,
            "security_groups": [
              "sg-4mofx0ro"
            ],
            "spot_instance_type": null,
            "spot_max_price": null,
            "stopped_mode": "STOP_CHARGING",
            "subnet_id": "subnet-7bzr1b2v",
            "system_disk_id": "disk-jhzpixr5",
            "system_disk_size": 50,
            "system_disk_type": "CLOUD_PREMIUM",
            "tags": null,
            "user_data": null,
            "user_data_raw": null,
            "vpc_id": "vpc-1hw367l6"
          },
          "sensitive_attributes": [],
          "private": "bnVsbA==",
          "dependencies": [
            "data.tencentcloud_availability_zones_by_product.cvm",
            "module.cluster.tencentcloud_route_table.gw_route_table",
            "module.gw.tencentcloud_route_table.gw_route_table",
            "tencentcloud_security_group.secgroup",
            "tencentcloud_subnet.internal_backend_subnet",
            "tencentcloud_vpc.internal_vpc"
          ]
        }
      ]
    },
    {
      "mode": "managed",
      "type": "tencentcloud_instance",
      "name": "mgmt",
      "provider": "provider[\"registry.terraform.io/tencentcloudstack/tencentcloud\"]",
      "instances": [
        {
          "index_key": 0,
          "schema_version": 0,
          "attributes": {
            "allocate_public_ip": true,
            "availability_zone": "ap-shanghai-2",
            "bandwidth_package_id": null,
            "cam_role_name": "",
            "cdh_host_id": null,
            "cdh_instance_type": null,
            "create_time": "2023-08-01T04:02:05Z",
            "data_disks": [],
            "disable_api_termination": false,
            "disable_monitor_service": false,
            "disable_security_service": false,
            "expired_time": "",
            "force_delete": false,
            "hostname": null,
            "id": "ins-r49s0qzv",
            "image_id": "img-5o99hx2l",
            "instance_charge_type": "POSTPAID_BY_HOUR",
            "instance_charge_type_prepaid_period": null,
            "instance_charge_type_prepaid_renew_flag": "",
            "instance_count": null,
            "instance_name": "terraform-mgmt",
            "instance_status": "RUNNING",
            "instance_type": "S5.MEDIUM8",
            "internet_charge_type": "TRAFFIC_POSTPAID_BY_HOUR",
            "internet_max_bandwidth_out": 5,
            "keep_image_login": null,
            "key_ids": [],
            "key_name": "",
            "orderly_security_groups": [
              "sg-4mofx0ro"
            ],
            "password": null,
            "placement_group_id": null,
            "private_ip": "10.100.0.3",
            "project_id": 0,
            "public_ip": "118.89.87.226",
            "running_flag": true,
            "security_groups": [
              "sg-4mofx0ro"
            ],
            "spot_instance_type": null,
            "spot_max_price": null,
            "stopped_mode": "STOP_CHARGING",
            "subnet_id": "subnet-eqrz4bo1",
            "system_disk_id": "disk-jwtdttkz",
            "system_disk_size": 100,
            "system_disk_type": "CLOUD_PREMIUM",
            "tags": null,
            "user_data": null,
            "user_data_raw": "#!/bin/bash\nclish -c 'set user admin password-hash $1$TjtLKT6L$kkhq2lT0yL4gvrcTUt.bv0' -s\nclish -c 'set user admin shell \"/bin/bash\"' -s\n",
            "vpc_id": "vpc-1hw367l6"
          },
          "sensitive_attributes": [],
          "private": "bnVsbA==",
          "dependencies": [
            "data.tencentcloud_availability_zones_by_product.cvm",
            "tencentcloud_security_group.secgroup",
            "tencentcloud_subnet.internal_frontend_subnet",
            "tencentcloud_vpc.internal_vpc"
          ]
        }
      ]
    },
    {
      "mode": "managed",
      "type": "tencentcloud_security_group",
      "name": "secgroup",
      "provider": "provider[\"registry.terraform.io/tencentcloudstack/tencentcloud\"]",
      "instances": [
        {
          "schema_version": 0,
          "attributes": {
            "description": "",
            "id": "sg-4mofx0ro",
            "name": "terraform-all-ports-open",
            "project_id": 0,
            "tags": null
          },
          "sensitive_attributes": [],
          "private": "bnVsbA=="
        }
      ]
    },
    {
      "mode": "managed",
      "type": "tencentcloud_security_group_rule",
      "name": "egress_rule",
      "provider": "provider[\"registry.terraform.io/tencentcloudstack/tencentcloud\"]",
      "instances": [
        {
          "schema_version": 0,
          "attributes": {
            "address_template": null,
            "cidr_ip": "0.0.0.0/0",
            "description": "",
            "id": "eyJzZ19pZCI6InNnLTRtb2Z4MHJvIiwicG9saWN5X3R5cGUiOiJlZ3Jlc3MiLCJjaWRyX2lwIjoiMC4wLjAuMC8wIiwicHJvdG9jb2wiOiJBTEwiLCJwb3J0X3JhbmdlIjoiQUxMIiwiYWN0aW9uIjoiQUNDRVBUIiwic291cmNlX3NnX2lkIjoiIiwiZGVzY3JpcHRpb24iOiIifQ==",
            "ip_protocol": "ALL",
            "policy": "ACCEPT",
            "policy_index": null,
            "port_range": "ALL",
            "protocol_template": null,
            "security_group_id": "sg-4mofx0ro",
            "source_sgid": null,
            "type": "egress"
          },
          "sensitive_attributes": [],
          "private": "bnVsbA==",
          "dependencies": [
            "tencentcloud_security_group.secgroup"
          ]
        }
      ]
    },
    {
      "mode": "managed",
      "type": "tencentcloud_security_group_rule",
      "name": "ingress_rule",
      "provider": "provider[\"registry.terraform.io/tencentcloudstack/tencentcloud\"]",
      "instances": [
        {
          "schema_version": 0,
          "attributes": {
            "address_template": null,
            "cidr_ip": "0.0.0.0/0",
            "description": "",
            "id": "eyJzZ19pZCI6InNnLTRtb2Z4MHJvIiwicG9saWN5X3R5cGUiOiJpbmdyZXNzIiwiY2lkcl9pcCI6IjAuMC4wLjAvMCIsInByb3RvY29sIjoiQUxMIiwicG9ydF9yYW5nZSI6IkFMTCIsImFjdGlvbiI6IkFDQ0VQVCIsInNvdXJjZV9zZ19pZCI6IiIsImRlc2NyaXB0aW9uIjoiIn0=",
            "ip_protocol": "ALL",
            "policy": "ACCEPT",
            "policy_index": null,
            "port_range": "ALL",
            "protocol_template": null,
            "security_group_id": "sg-4mofx0ro",
            "source_sgid": null,
            "type": "ingress"
          },
          "sensitive_attributes": [],
          "private": "bnVsbA==",
          "dependencies": [
            "tencentcloud_security_group.secgroup"
          ]
        }
      ]
    },
    {
      "mode": "managed",
      "type": "tencentcloud_subnet",
      "name": "internal_backend_subnet",
      "provider": "provider[\"registry.terraform.io/tencentcloudstack/tencentcloud\"]",
      "instances": [
        {
          "schema_version": 0,
          "attributes": {
            "availability_zone": "ap-shanghai-2",
            "available_ip_count": 253,
            "cidr_block": "10.100.1.0/24",
            "create_time": "2023-08-01 12:01:37",
            "id": "subnet-7bzr1b2v",
            "is_default": false,
            "is_multicast": true,
            "name": "terraform-internal_backend",
            "route_table_id": "rtb-815rjf5x",
            "tags": null,
            "vpc_id": "vpc-1hw367l6"
          },
          "sensitive_attributes": [],
          "private": "bnVsbA==",
          "dependencies": [
            "data.tencentcloud_availability_zones_by_product.cvm",
            "module.cluster.tencentcloud_route_table.gw_route_table",
            "module.gw.tencentcloud_route_table.gw_route_table",
            "tencentcloud_vpc.internal_vpc"
          ]
        }
      ]
    },
    {
      "mode": "managed",
      "type": "tencentcloud_subnet",
      "name": "internal_frontend_subnet",
      "provider": "provider[\"registry.terraform.io/tencentcloudstack/tencentcloud\"]",
      "instances": [
        {
          "schema_version": 0,
          "attributes": {
            "availability_zone": "ap-shanghai-2",
            "available_ip_count": 253,
            "cidr_block": "10.100.0.0/24",
            "create_time": "2023-08-01 12:01:34",
            "id": "subnet-eqrz4bo1",
            "is_default": false,
            "is_multicast": true,
            "name": "terraform-internal_frontend",
            "route_table_id": "rtb-luvemwld",
            "tags": null,
            "vpc_id": "vpc-1hw367l6"
          },
          "sensitive_attributes": [],
          "private": "bnVsbA==",
          "dependencies": [
            "data.tencentcloud_availability_zones_by_product.cvm",
            "tencentcloud_vpc.internal_vpc"
          ]
        }
      ]
    },
    {
      "mode": "managed",
      "type": "tencentcloud_vpc",
      "name": "internal_vpc",
      "provider": "provider[\"registry.terraform.io/tencentcloudstack/tencentcloud\"]",
      "instances": [
        {
          "schema_version": 0,
          "attributes": {
            "assistant_cidrs": [],
            "cidr_block": "10.100.0.0/16",
            "create_time": "2023-08-01 12:01:29",
            "default_route_table_id": "rtb-luvemwld",
            "dns_servers": [
              "183.60.82.98",
              "183.60.83.19"
            ],
            "docker_assistant_cidrs": [],
            "id": "vpc-1hw367l6",
            "is_default": false,
            "is_multicast": true,
            "name": "terraform-internal-vpc",
            "tags": null
          },
          "sensitive_attributes": [],
          "private": "bnVsbA=="
        }
      ]
    },
    {
      "module": "module.cluster[0]",
      "mode": "data",
      "type": "tencentcloud_instances",
      "name": "gw_info",
      "provider": "provider[\"registry.terraform.io/tencentcloudstack/tencentcloud\"]",
      "instances": [
        {
          "schema_version": 0,
          "attributes": {
            "availability_zone": null,
            "id": "345540678",
            "instance_id": "ins-ehho489z",
            "instance_list": [
              {
                "allocate_public_ip": false,
                "availability_zone": "ap-shanghai-2",
                "cam_role_name": "",
                "cpu": 2,
                "create_time": "2023-08-01T04:02:05Z",
                "data_disks": [],
                "expired_time": "",
                "image_id": "img-c8zqftet",
                "instance_charge_type": "POSTPAID_BY_HOUR",
                "instance_charge_type_prepaid_renew_flag": "",
                "instance_id": "ins-ehho489z",
                "instance_name": "terraform-gateway",
                "instance_type": "S5.MEDIUM8",
                "internet_charge_type": "TRAFFIC_POSTPAID_BY_HOUR",
                "internet_max_bandwidth_out": 5,
                "memory": 8,
                "private_ip": "10.100.0.5",
                "project_id": 0,
                "public_ip": "106.54.228.93",
                "security_groups": [
                  "sg-4mofx0ro"
                ],
                "status": "RUNNING",
                "subnet_id": "subnet-eqrz4bo1",
                "system_disk_id": "disk-qa6qbnnv",
                "system_disk_size": 100,
                "system_disk_type": "CLOUD_PREMIUM",
                "tags": {},
                "vpc_id": "vpc-1hw367l6"
              }
            ],
            "instance_name": null,
            "instance_set_ids": null,
            "project_id": null,
            "result_output_file": null,
            "subnet_id": null,
            "tags": null,
            "vpc_id": null
          },
          "sensitive_attributes": []
        }
      ]
    },
    {
      "module": "module.cluster[0]",
      "mode": "managed",
      "type": "tencentcloud_eip",
      "name": "public_ips",
      "provider": "provider[\"registry.terraform.io/tencentcloudstack/tencentcloud\"]",
      "instances": [
        {
          "index_key": 0,
          "schema_version": 0,
          "attributes": {
            "anti_ddos_package_id": null,
            "anycast_zone": null,
            "applicable_for_clb": null,
            "auto_renew_flag": null,
            "bandwidth_package_id": null,
            "id": "eip-3xq7l1d3",
            "internet_charge_type": "TRAFFIC_POSTPAID_BY_HOUR",
            "internet_max_bandwidth_out": 5,
            "internet_service_provider": null,
            "name": "public-ip-1",
            "prepaid_period": null,
            "public_ip": "129.211.27.38",
            "status": "UNBIND",
            "tags": null,
            "type": "EIP"
          },
          "sensitive_attributes": [],
          "private": "bnVsbA=="
        },
        {
          "index_key": 1,
          "schema_version": 0,
          "attributes": {
            "anti_ddos_package_id": null,
            "anycast_zone": null,
            "applicable_for_clb": null,
            "auto_renew_flag": null,
            "bandwidth_package_id": null,
            "id": "eip-16ayrs9v",
            "internet_charge_type": "TRAFFIC_POSTPAID_BY_HOUR",
            "internet_max_bandwidth_out": 5,
            "internet_service_provider": null,
            "name": "public-ip-2",
            "prepaid_period": null,
            "public_ip": "111.229.149.51",
            "status": "UNBIND",
            "tags": null,
            "type": "EIP"
          },
          "sensitive_attributes": [],
          "private": "bnVsbA=="
        }
      ]
    },
    {
      "module": "module.cluster[0]",
      "mode": "managed",
      "type": "tencentcloud_eip_association",
      "name": "public_ip_attachment1",
      "provider": "provider[\"registry.terraform.io/tencentcloudstack/tencentcloud\"]",
      "instances": [
        {
          "schema_version": 0,
          "attributes": {
            "eip_id": "eip-3xq7l1d3",
            "id": "eip-3xq7l1d3::eni-9zyj7ucm::10.100.0.16",
            "instance_id": null,
            "network_interface_id": "eni-9zyj7ucm",
            "private_ip": "10.100.0.16"
          },
          "sensitive_attributes": [],
          "private": "bnVsbA==",
          "dependencies": [
            "data.tencentcloud_availability_zones_by_product.cvm",
            "module.cluster.tencentcloud_eip.public_ips",
            "module.cluster.tencentcloud_eni.frontend",
            "module.cluster.tencentcloud_eni_attachment.gw_eni_attach1",
            "module.cluster.tencentcloud_instance.gw",
            "tencentcloud_security_group.secgroup",
            "tencentcloud_subnet.internal_frontend_subnet",
            "tencentcloud_vpc.internal_vpc"
          ]
        }
      ]
    },
    {
      "module": "module.cluster[0]",
      "mode": "managed",
      "type": "tencentcloud_eni",
      "name": "backend",
      "provider": "provider[\"registry.terraform.io/tencentcloudstack/tencentcloud\"]",
      "instances": [
        {
          "schema_version": 0,
          "attributes": {
            "create_time": "2023-08-01 12:01:41",
            "description": "",
            "id": "eni-hrw44i5g",
            "ipv4_count": 2,
            "ipv4_info": [
              {
                "description": "",
                "ip": "10.100.1.13",
                "primary": false
              },
              {
                "description": "",
                "ip": "10.100.1.6",
                "primary": true
              }
            ],
            "ipv4s": [],
            "mac": "20:90:6F:6A:59:81",
            "name": "terraform-backend-eni",
            "primary": false,
            "security_groups": null,
            "state": "AVAILABLE",
            "subnet_id": "subnet-7bzr1b2v",
            "tags": null,
            "vpc_id": "vpc-1hw367l6"
          },
          "sensitive_attributes": [],
          "private": "bnVsbA==",
          "dependencies": [
            "data.tencentcloud_availability_zones_by_product.cvm",
            "module.cluster.tencentcloud_route_table.gw_route_table",
            "module.gw.tencentcloud_route_table.gw_route_table",
            "tencentcloud_subnet.internal_backend_subnet",
            "tencentcloud_vpc.internal_vpc"
          ]
        }
      ]
    },
    {
      "module": "module.cluster[0]",
      "mode": "managed",
      "type": "tencentcloud_eni",
      "name": "frontend",
      "provider": "provider[\"registry.terraform.io/tencentcloudstack/tencentcloud\"]",
      "instances": [
        {
          "schema_version": 0,
          "attributes": {
            "create_time": "2023-08-01 12:01:36",
            "description": "",
            "id": "eni-9zyj7ucm",
            "ipv4_count": 2,
            "ipv4_info": [
              {
                "description": "",
                "ip": "10.100.0.16",
                "primary": false
              },
              {
                "description": "",
                "ip": "10.100.0.4",
                "primary": true
              }
            ],
            "ipv4s": [],
            "mac": "20:90:6F:9E:8D:DB",
            "name": "terraform-frontend-eni",
            "primary": false,
            "security_groups": null,
            "state": "AVAILABLE",
            "subnet_id": "subnet-eqrz4bo1",
            "tags": null,
            "vpc_id": "vpc-1hw367l6"
          },
          "sensitive_attributes": [],
          "private": "bnVsbA==",
          "dependencies": [
            "data.tencentcloud_availability_zones_by_product.cvm",
            "tencentcloud_subnet.internal_frontend_subnet",
            "tencentcloud_vpc.internal_vpc"
          ]
        }
      ]
    },
    {
      "module": "module.cluster[0]",
      "mode": "managed",
      "type": "tencentcloud_eni_attachment",
      "name": "gw_eni_attach1",
      "provider": "provider[\"registry.terraform.io/tencentcloudstack/tencentcloud\"]",
      "instances": [
        {
          "schema_version": 0,
          "attributes": {
            "eni_id": "eni-9zyj7ucm",
            "id": "eni-9zyj7ucm+ins-ehho489z",
            "instance_id": "ins-ehho489z"
          },
          "sensitive_attributes": [],
          "private": "bnVsbA==",
          "dependencies": [
            "data.tencentcloud_availability_zones_by_product.cvm",
            "module.cluster.tencentcloud_eni.frontend",
            "module.cluster.tencentcloud_instance.gw",
            "tencentcloud_security_group.secgroup",
            "tencentcloud_subnet.internal_frontend_subnet",
            "tencentcloud_vpc.internal_vpc"
          ]
        }
      ]
    },
    {
      "module": "module.cluster[0]",
      "mode": "managed",
      "type": "tencentcloud_eni_attachment",
      "name": "gw_eni_attach2",
      "provider": "provider[\"registry.terraform.io/tencentcloudstack/tencentcloud\"]",
      "instances": [
        {
          "schema_version": 0,
          "attributes": {
            "eni_id": "eni-hrw44i5g",
            "id": "eni-hrw44i5g+ins-ehho489z",
            "instance_id": "ins-ehho489z"
          },
          "sensitive_attributes": [],
          "private": "bnVsbA==",
          "dependencies": [
            "data.tencentcloud_availability_zones_by_product.cvm",
            "module.cluster.tencentcloud_eni.backend",
            "module.cluster.tencentcloud_eni.frontend",
            "module.cluster.tencentcloud_eni_attachment.gw_eni_attach1",
            "module.cluster.tencentcloud_instance.gw",
            "module.cluster.tencentcloud_route_table.gw_route_table",
            "module.gw.tencentcloud_route_table.gw_route_table",
            "tencentcloud_security_group.secgroup",
            "tencentcloud_subnet.internal_backend_subnet",
            "tencentcloud_subnet.internal_frontend_subnet",
            "tencentcloud_vpc.internal_vpc"
          ]
        }
      ]
    },
    {
      "module": "module.cluster[0]",
      "mode": "managed",
      "type": "tencentcloud_instance",
      "name": "gw",
      "provider": "provider[\"registry.terraform.io/tencentcloudstack/tencentcloud\"]",
      "instances": [
        {
          "schema_version": 0,
          "attributes": {
            "allocate_public_ip": true,
            "availability_zone": "ap-shanghai-2",
            "bandwidth_package_id": null,
            "cam_role_name": "",
            "cdh_host_id": null,
            "cdh_instance_type": null,
            "create_time": "2023-08-01T04:02:05Z",
            "data_disks": [],
            "disable_api_termination": false,
            "disable_monitor_service": false,
            "disable_security_service": false,
            "expired_time": "",
            "force_delete": false,
            "hostname": null,
            "id": "ins-ehho489z",
            "image_id": "img-c8zqftet",
            "instance_charge_type": "POSTPAID_BY_HOUR",
            "instance_charge_type_prepaid_period": null,
            "instance_charge_type_prepaid_renew_flag": "",
            "instance_count": null,
            "instance_name": "terraform-gateway",
            "instance_status": "RUNNING",
            "instance_type": "S5.MEDIUM8",
            "internet_charge_type": "TRAFFIC_POSTPAID_BY_HOUR",
            "internet_max_bandwidth_out": 5,
            "keep_image_login": null,
            "key_ids": [],
            "key_name": "",
            "orderly_security_groups": [
              "sg-4mofx0ro"
            ],
            "password": null,
            "placement_group_id": null,
            "private_ip": "10.100.0.5",
            "project_id": 0,
            "public_ip": "106.54.228.93",
            "running_flag": true,
            "security_groups": [
              "sg-4mofx0ro"
            ],
            "spot_instance_type": null,
            "spot_max_price": null,
            "stopped_mode": "STOP_CHARGING",
            "subnet_id": "subnet-eqrz4bo1",
            "system_disk_id": "disk-qa6qbnnv",
            "system_disk_size": 100,
            "system_disk_type": "CLOUD_PREMIUM",
            "tags": null,
            "user_data": null,
            "user_data_raw": "#!/bin/bash\nclish -c 'set user admin password-hash $1$TjtLKT6L$kkhq2lT0yL4gvrcTUt.bv0' -s\nclish -c 'set user admin shell \"/bin/bash\"' -s\n",
            "vpc_id": "vpc-1hw367l6"
          },
          "sensitive_attributes": [],
          "private": "bnVsbA==",
          "dependencies": [
            "data.tencentcloud_availability_zones_by_product.cvm",
            "tencentcloud_security_group.secgroup",
            "tencentcloud_subnet.internal_frontend_subnet",
            "tencentcloud_vpc.internal_vpc"
          ]
        }
      ]
    },
    {
      "module": "module.cluster[0]",
      "mode": "managed",
      "type": "tencentcloud_route_entry",
      "name": "route_entry",
      "provider": "provider[\"registry.terraform.io/tencentcloudstack/tencentcloud\"]",
      "instances": [
        {
          "schema_version": 0,
          "attributes": {
            "cidr_block": "0.0.0.0/0",
            "id": "vpc-1hw367l6::rtb-815rjf5x::0.0.0.0/0::9::10.100.1.13",
            "next_hub": "10.100.1.13",
            "next_type": "instance",
            "route_table_id": "rtb-815rjf5x",
            "vpc_id": "vpc-1hw367l6"
          },
          "sensitive_attributes": [],
          "private": "bnVsbA==",
          "dependencies": [
            "data.tencentcloud_availability_zones_by_product.cvm",
            "module.cluster.tencentcloud_eni.backend",
            "module.cluster.tencentcloud_eni.frontend",
            "module.cluster.tencentcloud_eni_attachment.gw_eni_attach1",
            "module.cluster.tencentcloud_eni_attachment.gw_eni_attach2",
            "module.cluster.tencentcloud_instance.gw",
            "module.cluster.tencentcloud_route_table.gw_route_table",
            "module.gw.tencentcloud_route_table.gw_route_table",
            "tencentcloud_security_group.secgroup",
            "tencentcloud_subnet.internal_backend_subnet",
            "tencentcloud_subnet.internal_frontend_subnet",
            "tencentcloud_vpc.internal_vpc"
          ]
        }
      ]
    },
    {
      "module": "module.cluster[0]",
      "mode": "managed",
      "type": "tencentcloud_route_table",
      "name": "gw_route_table",
      "provider": "provider[\"registry.terraform.io/tencentcloudstack/tencentcloud\"]",
      "instances": [
        {
          "schema_version": 0,
          "attributes": {
            "create_time": "2023-08-01 12:01:34",
            "id": "rtb-815rjf5x",
            "is_default": false,
            "name": "terraform-route-table",
            "route_entry_ids": [],
            "subnet_ids": [],
            "tags": null,
            "vpc_id": "vpc-1hw367l6"
          },
          "sensitive_attributes": [],
          "private": "bnVsbA==",
          "dependencies": [
            "tencentcloud_vpc.internal_vpc"
          ]
        }
      ]
    }
  ],
  "check_results": null
}
